
Microsoft Visual Studio Solution File, Format Version 12.00
# Visual Studio 15
VisualStudioVersion = 15.0.28307.705
MinimumVisualStudioVersion = 10.0.40219.1
Project("{FAE04EC0-301F-11D3-BF4B-00C04F79EFBC}") = "SundiresDeliverApp.Core", "SundiresDeliverApp.Core\SundiresDeliverApp.Core.csproj", "{D9C704CF-9EA8-4938-A844-09A1172FFA60}"
EndProject
Project("{FAE04EC0-301F-11D3-BF4B-00C04F79EFBC}") = "SundriesDeliver.API", "SundriesDeliver.API\SundriesDeliver.API.csproj", "{96806869-F6A0-4CA0-BB88-56C0F36D1467}"
EndProject
Global
	GlobalSection(SolutionConfigurationPlatforms) = preSolution
		Debug|Any CPU = Debug|Any CPU
		Release|Any CPU = Release|Any CPU
	EndGlobalSection
	GlobalSection(ProjectConfigurationPlatforms) = postSolution
		{D9C704CF-9EA8-4938-A844-09A1172FFA60}.Debug|Any CPU.ActiveCfg = Debug|Any CPU
		{D9C704CF-9EA8-4938-A844-09A1172FFA60}.Debug|Any CPU.Build.0 = Debug|Any CPU
		{D9C704CF-9EA8-4938-A844-09A1172FFA60}.Release|Any CPU.ActiveCfg = Release|Any CPU
		{D9C704CF-9EA8-4938-A844-09A1172FFA60}.Release|Any CPU.Build.0 = Release|Any CPU
		{96806869-F6A0-4CA0-BB88-56C0F36D1467}.Debug|Any CPU.ActiveCfg = Debug|Any CPU
		{96806869-F6A0-4CA0-BB88-56C0F36D1467}.Debug|Any CPU.Build.0 = Debug|Any CPU
		{96806869-F6A0-4CA0-BB88-56C0F36D1467}.Release|Any CPU.ActiveCfg = Release|Any CPU
		{96806869-F6A0-4CA0-BB88-56C0F36D1467}.Release|Any CPU.Build.0 = Release|Any CPU
	EndGlobalSection
	GlobalSection(SolutionProperties) = preSolution
		HideSolutionNode = FALSE
	EndGlobalSection
	GlobalSection(ExtensibilityGlobals) = postSolution
		SolutionGuid = {49EED221-D730-4EE5-9194-59CE57BE8412}
	EndGlobalSection
EndGlobal
